// !$*UTF8*$!
{
	archiveVersion = 1;
	classes = {
	};
	objectVersion = 55;
	objects = {

/* Begin PBXBuildFile section */
		048B53C2AF208DC973B31CC7 /* Pods_github_searchTests.framework in Frameworks */ = {isa = PBXBuildFile; fileRef = FC018F6972E1CEE0E7F4A822 /* Pods_github_searchTests.framework */; };
		66BEF9F464A70CABCFBA336C /* Pods_github_search.framework in Frameworks */ = {isa = PBXBuildFile; fileRef = 4284D1BCC12BAD9A66EF3C4D /* Pods_github_search.framework */; };
		A91144A327D62EB10051B7EC /* UIColor+Extension.swift in Sources */ = {isa = PBXBuildFile; fileRef = A91144A227D62EB10051B7EC /* UIColor+Extension.swift */; };
		A96CB3E827D4EFA0007DDDBB /* RxSwift+Extension.swift in Sources */ = {isa = PBXBuildFile; fileRef = A96CB3E727D4EFA0007DDDBB /* RxSwift+Extension.swift */; };
		A96CB3EA27D4EFCA007DDDBB /* OptionalType.swift in Sources */ = {isa = PBXBuildFile; fileRef = A96CB3E927D4EFCA007DDDBB /* OptionalType.swift */; };
		A96CB3EC27D4F002007DDDBB /* ObservableType+Extension.swift in Sources */ = {isa = PBXBuildFile; fileRef = A96CB3EB27D4F002007DDDBB /* ObservableType+Extension.swift */; };
		A997EA9027D5CD5C00077E48 /* UIViewController+Extension.swift in Sources */ = {isa = PBXBuildFile; fileRef = A997EA8F27D5CD5C00077E48 /* UIViewController+Extension.swift */; };
		A997EA9227D5CD7C00077E48 /* UIStoryboard+Extension.swift in Sources */ = {isa = PBXBuildFile; fileRef = A997EA9127D5CD7C00077E48 /* UIStoryboard+Extension.swift */; };
		A997EA9427D5CD9400077E48 /* RxBindProtocol.swift in Sources */ = {isa = PBXBuildFile; fileRef = A997EA9327D5CD9400077E48 /* RxBindProtocol.swift */; };
		A997EA9627D5CDA600077E48 /* RxScreenSupport.swift in Sources */ = {isa = PBXBuildFile; fileRef = A997EA9527D5CDA600077E48 /* RxScreenSupport.swift */; };
		A997EA9827D5CDB800077E48 /* StoryboardSupportProtocol.swift in Sources */ = {isa = PBXBuildFile; fileRef = A997EA9727D5CDB800077E48 /* StoryboardSupportProtocol.swift */; };
		A997EA9A27D5CDCF00077E48 /* ViewModelTypeProtocol.swift in Sources */ = {isa = PBXBuildFile; fileRef = A997EA9927D5CDCF00077E48 /* ViewModelTypeProtocol.swift */; };
		A997EA9C27D5CDF000077E48 /* UIView+Extension.swift in Sources */ = {isa = PBXBuildFile; fileRef = A997EA9B27D5CDF000077E48 /* UIView+Extension.swift */; };
		A997EA9E27D5CE0700077E48 /* UIWindow+Extension.swift in Sources */ = {isa = PBXBuildFile; fileRef = A997EA9D27D5CE0700077E48 /* UIWindow+Extension.swift */; };
		A997EAA227D5CE8800077E48 /* NetworkModel.swift in Sources */ = {isa = PBXBuildFile; fileRef = A997EAA127D5CE8800077E48 /* NetworkModel.swift */; };
		A997EAA427D5CE9E00077E48 /* NetworkInformation.swift in Sources */ = {isa = PBXBuildFile; fileRef = A997EAA327D5CE9E00077E48 /* NetworkInformation.swift */; };
		A997EAAB27D5E87700077E48 /* SearchListView.swift in Sources */ = {isa = PBXBuildFile; fileRef = A997EAAA27D5E87700077E48 /* SearchListView.swift */; };
		A997EAAD27D5E88600077E48 /* SearchModel.swift in Sources */ = {isa = PBXBuildFile; fileRef = A997EAAC27D5E88600077E48 /* SearchModel.swift */; };
		A997EAAF27D5E89200077E48 /* SearchListViewModel.swift in Sources */ = {isa = PBXBuildFile; fileRef = A997EAAE27D5E89200077E48 /* SearchListViewModel.swift */; };
		A997EAB227D5EB9800077E48 /* KurlyAPI.swift in Sources */ = {isa = PBXBuildFile; fileRef = A997EAB127D5EB9800077E48 /* KurlyAPI.swift */; };
		A997EAB427D5EBBB00077E48 /* NetworkManager.swift in Sources */ = {isa = PBXBuildFile; fileRef = A997EAB327D5EBBB00077E48 /* NetworkManager.swift */; };
		A997EAB627D5EBF100077E48 /* NetworkError.swift in Sources */ = {isa = PBXBuildFile; fileRef = A997EAB527D5EBF100077E48 /* NetworkError.swift */; };
		A997EAB927D5EE2500077E48 /* GitHubAPI.swift in Sources */ = {isa = PBXBuildFile; fileRef = A997EAB827D5EE2500077E48 /* GitHubAPI.swift */; };
		A997EABD27D5FB3B00077E48 /* ListItemCell.swift in Sources */ = {isa = PBXBuildFile; fileRef = A997EABC27D5FB3B00077E48 /* ListItemCell.swift */; };
		A997EABF27D6195F00077E48 /* Int+Extension.swift in Sources */ = {isa = PBXBuildFile; fileRef = A997EABE27D6195F00077E48 /* Int+Extension.swift */; };
		A997EAC127D61A0700077E48 /* Double+Extension.swift in Sources */ = {isa = PBXBuildFile; fileRef = A997EAC027D61A0700077E48 /* Double+Extension.swift */; };
		A9BD98E827D4DF4D0026E78B /* AppDelegate.swift in Sources */ = {isa = PBXBuildFile; fileRef = A9BD98E727D4DF4D0026E78B /* AppDelegate.swift */; };
		A9BD98EA27D4DF4D0026E78B /* SceneDelegate.swift in Sources */ = {isa = PBXBuildFile; fileRef = A9BD98E927D4DF4D0026E78B /* SceneDelegate.swift */; };
		A9BD98EC27D4DF4D0026E78B /* ViewController.swift in Sources */ = {isa = PBXBuildFile; fileRef = A9BD98EB27D4DF4D0026E78B /* ViewController.swift */; };
		A9BD98EF27D4DF4D0026E78B /* Main.storyboard in Resources */ = {isa = PBXBuildFile; fileRef = A9BD98ED27D4DF4D0026E78B /* Main.storyboard */; };
		A9BD98F127D4DF4E0026E78B /* Assets.xcassets in Resources */ = {isa = PBXBuildFile; fileRef = A9BD98F027D4DF4E0026E78B /* Assets.xcassets */; };
		A9BD98F427D4DF4E0026E78B /* LaunchScreen.storyboard in Resources */ = {isa = PBXBuildFile; fileRef = A9BD98F227D4DF4E0026E78B /* LaunchScreen.storyboard */; };
		A9BD98FF27D4DF4E0026E78B /* github_searchTests.swift in Sources */ = {isa = PBXBuildFile; fileRef = A9BD98FE27D4DF4E0026E78B /* github_searchTests.swift */; };
		A9BD990927D4DF4E0026E78B /* github_searchUITests.swift in Sources */ = {isa = PBXBuildFile; fileRef = A9BD990827D4DF4E0026E78B /* github_searchUITests.swift */; };
		A9BD990B27D4DF4E0026E78B /* github_searchUITestsLaunchTests.swift in Sources */ = {isa = PBXBuildFile; fileRef = A9BD990A27D4DF4E0026E78B /* github_searchUITestsLaunchTests.swift */; };
		CF38FA8EEBB15538984A8964 /* Pods_github_search_github_searchUITests.framework in Frameworks */ = {isa = PBXBuildFile; fileRef = FACA45ED4E5AC6BF4C20C39B /* Pods_github_search_github_searchUITests.framework */; };
/* End PBXBuildFile section */

/* Begin PBXContainerItemProxy section */
		A9BD98FB27D4DF4E0026E78B /* PBXContainerItemProxy */ = {
			isa = PBXContainerItemProxy;
			containerPortal = A9BD98DC27D4DF4D0026E78B /* Project object */;
			proxyType = 1;
			remoteGlobalIDString = A9BD98E327D4DF4D0026E78B;
			remoteInfo = github_search;
		};
		A9BD990527D4DF4E0026E78B /* PBXContainerItemProxy */ = {
			isa = PBXContainerItemProxy;
			containerPortal = A9BD98DC27D4DF4D0026E78B /* Project object */;
			proxyType = 1;
			remoteGlobalIDString = A9BD98E327D4DF4D0026E78B;
			remoteInfo = github_search;
		};
/* End PBXContainerItemProxy section */

/* Begin PBXFileReference section */
		08A965572FE18533E080372F /* Pods-github_search-github_searchUITests.release.xcconfig */ = {isa = PBXFileReference; includeInIndex = 1; lastKnownFileType = text.xcconfig; name = "Pods-github_search-github_searchUITests.release.xcconfig"; path = "Target Support Files/Pods-github_search-github_searchUITests/Pods-github_search-github_searchUITests.release.xcconfig"; sourceTree = "<group>"; };
		2839CB1F7D679396A4845183 /* Pods-github_search-github_searchUITests.debug.xcconfig */ = {isa = PBXFileReference; includeInIndex = 1; lastKnownFileType = text.xcconfig; name = "Pods-github_search-github_searchUITests.debug.xcconfig"; path = "Target Support Files/Pods-github_search-github_searchUITests/Pods-github_search-github_searchUITests.debug.xcconfig"; sourceTree = "<group>"; };
		4284D1BCC12BAD9A66EF3C4D /* Pods_github_search.framework */ = {isa = PBXFileReference; explicitFileType = wrapper.framework; includeInIndex = 0; path = Pods_github_search.framework; sourceTree = BUILT_PRODUCTS_DIR; };
		9847593E035B1815A808A668 /* Pods-github_searchTests.debug.xcconfig */ = {isa = PBXFileReference; includeInIndex = 1; lastKnownFileType = text.xcconfig; name = "Pods-github_searchTests.debug.xcconfig"; path = "Target Support Files/Pods-github_searchTests/Pods-github_searchTests.debug.xcconfig"; sourceTree = "<group>"; };
		A91144A227D62EB10051B7EC /* UIColor+Extension.swift */ = {isa = PBXFileReference; lastKnownFileType = sourcecode.swift; path = "UIColor+Extension.swift"; sourceTree = "<group>"; };
		A96CB3E727D4EFA0007DDDBB /* RxSwift+Extension.swift */ = {isa = PBXFileReference; lastKnownFileType = sourcecode.swift; path = "RxSwift+Extension.swift"; sourceTree = "<group>"; };
		A96CB3E927D4EFCA007DDDBB /* OptionalType.swift */ = {isa = PBXFileReference; lastKnownFileType = sourcecode.swift; path = OptionalType.swift; sourceTree = "<group>"; };
		A96CB3EB27D4F002007DDDBB /* ObservableType+Extension.swift */ = {isa = PBXFileReference; lastKnownFileType = sourcecode.swift; path = "ObservableType+Extension.swift"; sourceTree = "<group>"; };
		A997EA8F27D5CD5C00077E48 /* UIViewController+Extension.swift */ = {isa = PBXFileReference; lastKnownFileType = sourcecode.swift; path = "UIViewController+Extension.swift"; sourceTree = "<group>"; };
		A997EA9127D5CD7C00077E48 /* UIStoryboard+Extension.swift */ = {isa = PBXFileReference; lastKnownFileType = sourcecode.swift; path = "UIStoryboard+Extension.swift"; sourceTree = "<group>"; };
		A997EA9327D5CD9400077E48 /* RxBindProtocol.swift */ = {isa = PBXFileReference; lastKnownFileType = sourcecode.swift; path = RxBindProtocol.swift; sourceTree = "<group>"; };
		A997EA9527D5CDA600077E48 /* RxScreenSupport.swift */ = {isa = PBXFileReference; lastKnownFileType = sourcecode.swift; path = RxScreenSupport.swift; sourceTree = "<group>"; };
		A997EA9727D5CDB800077E48 /* StoryboardSupportProtocol.swift */ = {isa = PBXFileReference; lastKnownFileType = sourcecode.swift; path = StoryboardSupportProtocol.swift; sourceTree = "<group>"; };
		A997EA9927D5CDCF00077E48 /* ViewModelTypeProtocol.swift */ = {isa = PBXFileReference; lastKnownFileType = sourcecode.swift; path = ViewModelTypeProtocol.swift; sourceTree = "<group>"; };
		A997EA9B27D5CDF000077E48 /* UIView+Extension.swift */ = {isa = PBXFileReference; lastKnownFileType = sourcecode.swift; path = "UIView+Extension.swift"; sourceTree = "<group>"; };
		A997EA9D27D5CE0700077E48 /* UIWindow+Extension.swift */ = {isa = PBXFileReference; lastKnownFileType = sourcecode.swift; path = "UIWindow+Extension.swift"; sourceTree = "<group>"; };
		A997EAA127D5CE8800077E48 /* NetworkModel.swift */ = {isa = PBXFileReference; lastKnownFileType = sourcecode.swift; path = NetworkModel.swift; sourceTree = "<group>"; };
		A997EAA327D5CE9E00077E48 /* NetworkInformation.swift */ = {isa = PBXFileReference; lastKnownFileType = sourcecode.swift; path = NetworkInformation.swift; sourceTree = "<group>"; };
		A997EAAA27D5E87700077E48 /* SearchListView.swift */ = {isa = PBXFileReference; lastKnownFileType = sourcecode.swift; path = SearchListView.swift; sourceTree = "<group>"; };
		A997EAAC27D5E88600077E48 /* SearchModel.swift */ = {isa = PBXFileReference; lastKnownFileType = sourcecode.swift; path = SearchModel.swift; sourceTree = "<group>"; };
		A997EAAE27D5E89200077E48 /* SearchListViewModel.swift */ = {isa = PBXFileReference; lastKnownFileType = sourcecode.swift; path = SearchListViewModel.swift; sourceTree = "<group>"; };
		A997EAB127D5EB9800077E48 /* KurlyAPI.swift */ = {isa = PBXFileReference; lastKnownFileType = sourcecode.swift; path = KurlyAPI.swift; sourceTree = "<group>"; };
		A997EAB327D5EBBB00077E48 /* NetworkManager.swift */ = {isa = PBXFileReference; lastKnownFileType = sourcecode.swift; path = NetworkManager.swift; sourceTree = "<group>"; };
		A997EAB527D5EBF100077E48 /* NetworkError.swift */ = {isa = PBXFileReference; lastKnownFileType = sourcecode.swift; path = NetworkError.swift; sourceTree = "<group>"; };
		A997EAB827D5EE2500077E48 /* GitHubAPI.swift */ = {isa = PBXFileReference; lastKnownFileType = sourcecode.swift; path = GitHubAPI.swift; sourceTree = "<group>"; };
		A997EABC27D5FB3B00077E48 /* ListItemCell.swift */ = {isa = PBXFileReference; lastKnownFileType = sourcecode.swift; path = ListItemCell.swift; sourceTree = "<group>"; };
		A997EABE27D6195F00077E48 /* Int+Extension.swift */ = {isa = PBXFileReference; lastKnownFileType = sourcecode.swift; path = "Int+Extension.swift"; sourceTree = "<group>"; };
		A997EAC027D61A0700077E48 /* Double+Extension.swift */ = {isa = PBXFileReference; lastKnownFileType = sourcecode.swift; path = "Double+Extension.swift"; sourceTree = "<group>"; };
		A9BD98E427D4DF4D0026E78B /* github_search.app */ = {isa = PBXFileReference; explicitFileType = wrapper.application; includeInIndex = 0; path = github_search.app; sourceTree = BUILT_PRODUCTS_DIR; };
		A9BD98E727D4DF4D0026E78B /* AppDelegate.swift */ = {isa = PBXFileReference; lastKnownFileType = sourcecode.swift; path = AppDelegate.swift; sourceTree = "<group>"; };
		A9BD98E927D4DF4D0026E78B /* SceneDelegate.swift */ = {isa = PBXFileReference; lastKnownFileType = sourcecode.swift; path = SceneDelegate.swift; sourceTree = "<group>"; };
		A9BD98EB27D4DF4D0026E78B /* ViewController.swift */ = {isa = PBXFileReference; lastKnownFileType = sourcecode.swift; path = ViewController.swift; sourceTree = "<group>"; };
		A9BD98EE27D4DF4D0026E78B /* Base */ = {isa = PBXFileReference; lastKnownFileType = file.storyboard; name = Base; path = Base.lproj/Main.storyboard; sourceTree = "<group>"; };
		A9BD98F027D4DF4E0026E78B /* Assets.xcassets */ = {isa = PBXFileReference; lastKnownFileType = folder.assetcatalog; path = Assets.xcassets; sourceTree = "<group>"; };
		A9BD98F327D4DF4E0026E78B /* Base */ = {isa = PBXFileReference; lastKnownFileType = file.storyboard; name = Base; path = Base.lproj/LaunchScreen.storyboard; sourceTree = "<group>"; };
		A9BD98F527D4DF4E0026E78B /* Info.plist */ = {isa = PBXFileReference; lastKnownFileType = text.plist.xml; path = Info.plist; sourceTree = "<group>"; };
		A9BD98FA27D4DF4E0026E78B /* github_searchTests.xctest */ = {isa = PBXFileReference; explicitFileType = wrapper.cfbundle; includeInIndex = 0; path = github_searchTests.xctest; sourceTree = BUILT_PRODUCTS_DIR; };
		A9BD98FE27D4DF4E0026E78B /* github_searchTests.swift */ = {isa = PBXFileReference; lastKnownFileType = sourcecode.swift; path = github_searchTests.swift; sourceTree = "<group>"; };
		A9BD990427D4DF4E0026E78B /* github_searchUITests.xctest */ = {isa = PBXFileReference; explicitFileType = wrapper.cfbundle; includeInIndex = 0; path = github_searchUITests.xctest; sourceTree = BUILT_PRODUCTS_DIR; };
		A9BD990827D4DF4E0026E78B /* github_searchUITests.swift */ = {isa = PBXFileReference; lastKnownFileType = sourcecode.swift; path = github_searchUITests.swift; sourceTree = "<group>"; };
		A9BD990A27D4DF4E0026E78B /* github_searchUITestsLaunchTests.swift */ = {isa = PBXFileReference; lastKnownFileType = sourcecode.swift; path = github_searchUITestsLaunchTests.swift; sourceTree = "<group>"; };
		DB19B6578BDD29BD59A99FE6 /* Pods-github_searchTests.release.xcconfig */ = {isa = PBXFileReference; includeInIndex = 1; lastKnownFileType = text.xcconfig; name = "Pods-github_searchTests.release.xcconfig"; path = "Target Support Files/Pods-github_searchTests/Pods-github_searchTests.release.xcconfig"; sourceTree = "<group>"; };
		E4A964074C47B83FCC4032B1 /* Pods-github_search.release.xcconfig */ = {isa = PBXFileReference; includeInIndex = 1; lastKnownFileType = text.xcconfig; name = "Pods-github_search.release.xcconfig"; path = "Target Support Files/Pods-github_search/Pods-github_search.release.xcconfig"; sourceTree = "<group>"; };
		FACA45ED4E5AC6BF4C20C39B /* Pods_github_search_github_searchUITests.framework */ = {isa = PBXFileReference; explicitFileType = wrapper.framework; includeInIndex = 0; path = Pods_github_search_github_searchUITests.framework; sourceTree = BUILT_PRODUCTS_DIR; };
		FC018F6972E1CEE0E7F4A822 /* Pods_github_searchTests.framework */ = {isa = PBXFileReference; explicitFileType = wrapper.framework; includeInIndex = 0; path = Pods_github_searchTests.framework; sourceTree = BUILT_PRODUCTS_DIR; };
		FCF17EEF9BD74D28E82BFAB7 /* Pods-github_search.debug.xcconfig */ = {isa = PBXFileReference; includeInIndex = 1; lastKnownFileType = text.xcconfig; name = "Pods-github_search.debug.xcconfig"; path = "Target Support Files/Pods-github_search/Pods-github_search.debug.xcconfig"; sourceTree = "<group>"; };
/* End PBXFileReference section */

/* Begin PBXFrameworksBuildPhase section */
		A9BD98E127D4DF4D0026E78B /* Frameworks */ = {
			isa = PBXFrameworksBuildPhase;
			buildActionMask = 2147483647;
			files = (
				66BEF9F464A70CABCFBA336C /* Pods_github_search.framework in Frameworks */,
			);
			runOnlyForDeploymentPostprocessing = 0;
		};
		A9BD98F727D4DF4E0026E78B /* Frameworks */ = {
			isa = PBXFrameworksBuildPhase;
			buildActionMask = 2147483647;
			files = (
				048B53C2AF208DC973B31CC7 /* Pods_github_searchTests.framework in Frameworks */,
			);
			runOnlyForDeploymentPostprocessing = 0;
		};
		A9BD990127D4DF4E0026E78B /* Frameworks */ = {
			isa = PBXFrameworksBuildPhase;
			buildActionMask = 2147483647;
			files = (
				CF38FA8EEBB15538984A8964 /* Pods_github_search_github_searchUITests.framework in Frameworks */,
			);
			runOnlyForDeploymentPostprocessing = 0;
		};
/* End PBXFrameworksBuildPhase section */

/* Begin PBXGroup section */
		711CB3052EDFAAA5098C039C /* Pods */ = {
			isa = PBXGroup;
			children = (
				FCF17EEF9BD74D28E82BFAB7 /* Pods-github_search.debug.xcconfig */,
				E4A964074C47B83FCC4032B1 /* Pods-github_search.release.xcconfig */,
				2839CB1F7D679396A4845183 /* Pods-github_search-github_searchUITests.debug.xcconfig */,
				08A965572FE18533E080372F /* Pods-github_search-github_searchUITests.release.xcconfig */,
				9847593E035B1815A808A668 /* Pods-github_searchTests.debug.xcconfig */,
				DB19B6578BDD29BD59A99FE6 /* Pods-github_searchTests.release.xcconfig */,
			);
			path = Pods;
			sourceTree = "<group>";
		};
		A96CB3E127D4EB41007DDDBB /* Delegate */ = {
			isa = PBXGroup;
			children = (
				A9BD98E727D4DF4D0026E78B /* AppDelegate.swift */,
				A9BD98E927D4DF4D0026E78B /* SceneDelegate.swift */,
			);
			path = Delegate;
			sourceTree = "<group>";
		};
		A96CB3E227D4EB4F007DDDBB /* ViewController */ = {
			isa = PBXGroup;
			children = (
				A997EABA27D5FB1800077E48 /* View */,
				A997EAA827D5E85900077E48 /* Main */,
				A997EAA927D5E86000077E48 /* Contents */,
				A9BD98ED27D4DF4D0026E78B /* Main.storyboard */,
			);
			path = ViewController;
			sourceTree = "<group>";
		};
		A96CB3E327D4EB57007DDDBB /* Assets */ = {
			isa = PBXGroup;
			children = (
				A9BD98F027D4DF4E0026E78B /* Assets.xcassets */,
			);
			path = Assets;
			sourceTree = "<group>";
		};
		A96CB3E427D4EF40007DDDBB /* Util */ = {
			isa = PBXGroup;
			children = (
				A96CB3E527D4EF7E007DDDBB /* Extension */,
				A96CB3E627D4EF87007DDDBB /* Protocol */,
				A997EA9F27D5CE5F00077E48 /* Network */,
			);
			path = Util;
			sourceTree = "<group>";
		};
		A96CB3E527D4EF7E007DDDBB /* Extension */ = {
			isa = PBXGroup;
			children = (
				A96CB3E727D4EFA0007DDDBB /* RxSwift+Extension.swift */,
				A96CB3E927D4EFCA007DDDBB /* OptionalType.swift */,
				A96CB3EB27D4F002007DDDBB /* ObservableType+Extension.swift */,
				A997EA8F27D5CD5C00077E48 /* UIViewController+Extension.swift */,
				A997EA9B27D5CDF000077E48 /* UIView+Extension.swift */,
				A997EA9D27D5CE0700077E48 /* UIWindow+Extension.swift */,
				A997EA9127D5CD7C00077E48 /* UIStoryboard+Extension.swift */,
				A997EABE27D6195F00077E48 /* Int+Extension.swift */,
				A997EAC027D61A0700077E48 /* Double+Extension.swift */,
				A91144A227D62EB10051B7EC /* UIColor+Extension.swift */,
			);
			path = Extension;
			sourceTree = "<group>";
		};
		A96CB3E627D4EF87007DDDBB /* Protocol */ = {
			isa = PBXGroup;
			children = (
				A997EA9327D5CD9400077E48 /* RxBindProtocol.swift */,
				A997EA9527D5CDA600077E48 /* RxScreenSupport.swift */,
				A997EA9727D5CDB800077E48 /* StoryboardSupportProtocol.swift */,
				A997EA9927D5CDCF00077E48 /* ViewModelTypeProtocol.swift */,
			);
			path = Protocol;
			sourceTree = "<group>";
		};
		A997EA9F27D5CE5F00077E48 /* Network */ = {
			isa = PBXGroup;
			children = (
				A997EAB027D5EB7300077E48 /* API */,
				A997EAA027D5CE7600077E48 /* Model */,
				A997EAB327D5EBBB00077E48 /* NetworkManager.swift */,
				A997EAA327D5CE9E00077E48 /* NetworkInformation.swift */,
				A997EAB527D5EBF100077E48 /* NetworkError.swift */,
			);
			path = Network;
			sourceTree = "<group>";
		};
		A997EAA027D5CE7600077E48 /* Model */ = {
			isa = PBXGroup;
			children = (
				A997EAA127D5CE8800077E48 /* NetworkModel.swift */,
			);
			path = Model;
			sourceTree = "<group>";
		};
		A997EAA627D5E7DD00077E48 /* Model */ = {
			isa = PBXGroup;
			children = (
				A997EAAC27D5E88600077E48 /* SearchModel.swift */,
			);
			path = Model;
			sourceTree = "<group>";
		};
		A997EAA727D5E7E800077E48 /* ViewModel */ = {
			isa = PBXGroup;
			children = (
				A997EAAE27D5E89200077E48 /* SearchListViewModel.swift */,
			);
			path = ViewModel;
			sourceTree = "<group>";
		};
		A997EAA827D5E85900077E48 /* Main */ = {
			isa = PBXGroup;
			children = (
				A9BD98EB27D4DF4D0026E78B /* ViewController.swift */,
			);
			path = Main;
			sourceTree = "<group>";
		};
		A997EAA927D5E86000077E48 /* Contents */ = {
			isa = PBXGroup;
			children = (
				A997EAA627D5E7DD00077E48 /* Model */,
				A997EAA727D5E7E800077E48 /* ViewModel */,
				A997EAAA27D5E87700077E48 /* SearchListView.swift */,
			);
			path = Contents;
			sourceTree = "<group>";
		};
		A997EAB027D5EB7300077E48 /* API */ = {
			isa = PBXGroup;
			children = (
				A997EAB727D5EE0E00077E48 /* GitHub */,
				A997EAB127D5EB9800077E48 /* KurlyAPI.swift */,
			);
			path = API;
			sourceTree = "<group>";
		};
		A997EAB727D5EE0E00077E48 /* GitHub */ = {
			isa = PBXGroup;
			children = (
				A997EAB827D5EE2500077E48 /* GitHubAPI.swift */,
			);
			path = GitHub;
			sourceTree = "<group>";
		};
		A997EABA27D5FB1800077E48 /* View */ = {
			isa = PBXGroup;
			children = (
				A997EABB27D5FB1F00077E48 /* Cell */,
			);
			path = View;
			sourceTree = "<group>";
		};
		A997EABB27D5FB1F00077E48 /* Cell */ = {
			isa = PBXGroup;
			children = (
				A997EABC27D5FB3B00077E48 /* ListItemCell.swift */,
			);
			path = Cell;
			sourceTree = "<group>";
		};
		A9BD98DB27D4DF4D0026E78B = {
			isa = PBXGroup;
			children = (
				A9BD98E627D4DF4D0026E78B /* github_search */,
				A9BD98FD27D4DF4E0026E78B /* github_searchTests */,
				A9BD990727D4DF4E0026E78B /* github_searchUITests */,
				A9BD98E527D4DF4D0026E78B /* Products */,
				711CB3052EDFAAA5098C039C /* Pods */,
				B7BB76446C197043677FAC2D /* Frameworks */,
			);
			sourceTree = "<group>";
		};
		A9BD98E527D4DF4D0026E78B /* Products */ = {
			isa = PBXGroup;
			children = (
				A9BD98E427D4DF4D0026E78B /* github_search.app */,
				A9BD98FA27D4DF4E0026E78B /* github_searchTests.xctest */,
				A9BD990427D4DF4E0026E78B /* github_searchUITests.xctest */,
			);
			name = Products;
			sourceTree = "<group>";
		};
		A9BD98E627D4DF4D0026E78B /* github_search */ = {
			isa = PBXGroup;
			children = (
				A96CB3E127D4EB41007DDDBB /* Delegate */,
				A96CB3E427D4EF40007DDDBB /* Util */,
				A96CB3E227D4EB4F007DDDBB /* ViewController */,
				A96CB3E327D4EB57007DDDBB /* Assets */,
				A9BD98F227D4DF4E0026E78B /* LaunchScreen.storyboard */,
				A9BD98F527D4DF4E0026E78B /* Info.plist */,
			);
			path = github_search;
			sourceTree = "<group>";
		};
		A9BD98FD27D4DF4E0026E78B /* github_searchTests */ = {
			isa = PBXGroup;
			children = (
				A9BD98FE27D4DF4E0026E78B /* github_searchTests.swift */,
			);
			path = github_searchTests;
			sourceTree = "<group>";
		};
		A9BD990727D4DF4E0026E78B /* github_searchUITests */ = {
			isa = PBXGroup;
			children = (
				A9BD990827D4DF4E0026E78B /* github_searchUITests.swift */,
				A9BD990A27D4DF4E0026E78B /* github_searchUITestsLaunchTests.swift */,
			);
			path = github_searchUITests;
			sourceTree = "<group>";
		};
		B7BB76446C197043677FAC2D /* Frameworks */ = {
			isa = PBXGroup;
			children = (
				4284D1BCC12BAD9A66EF3C4D /* Pods_github_search.framework */,
				FACA45ED4E5AC6BF4C20C39B /* Pods_github_search_github_searchUITests.framework */,
				FC018F6972E1CEE0E7F4A822 /* Pods_github_searchTests.framework */,
			);
			name = Frameworks;
			sourceTree = "<group>";
		};
/* End PBXGroup section */

/* Begin PBXNativeTarget section */
		A9BD98E327D4DF4D0026E78B /* github_search */ = {
			isa = PBXNativeTarget;
			buildConfigurationList = A9BD990E27D4DF4E0026E78B /* Build configuration list for PBXNativeTarget "github_search" */;
			buildPhases = (
				8F1670EFA98C3CC2CB801328 /* [CP] Check Pods Manifest.lock */,
				A9BD98E027D4DF4D0026E78B /* Sources */,
				A9BD98E127D4DF4D0026E78B /* Frameworks */,
				A9BD98E227D4DF4D0026E78B /* Resources */,
				0EAB4623299B9E4C3C8220ED /* [CP] Embed Pods Frameworks */,
			);
			buildRules = (
			);
			dependencies = (
			);
			name = github_search;
			productName = github_search;
			productReference = A9BD98E427D4DF4D0026E78B /* github_search.app */;
			productType = "com.apple.product-type.application";
		};
		A9BD98F927D4DF4E0026E78B /* github_searchTests */ = {
			isa = PBXNativeTarget;
			buildConfigurationList = A9BD991127D4DF4E0026E78B /* Build configuration list for PBXNativeTarget "github_searchTests" */;
			buildPhases = (
				2C1C87D5575E1F8C6794872E /* [CP] Check Pods Manifest.lock */,
				A9BD98F627D4DF4E0026E78B /* Sources */,
				A9BD98F727D4DF4E0026E78B /* Frameworks */,
				A9BD98F827D4DF4E0026E78B /* Resources */,
			);
			buildRules = (
			);
			dependencies = (
				A9BD98FC27D4DF4E0026E78B /* PBXTargetDependency */,
			);
			name = github_searchTests;
			productName = github_searchTests;
			productReference = A9BD98FA27D4DF4E0026E78B /* github_searchTests.xctest */;
			productType = "com.apple.product-type.bundle.unit-test";
		};
		A9BD990327D4DF4E0026E78B /* github_searchUITests */ = {
			isa = PBXNativeTarget;
			buildConfigurationList = A9BD991427D4DF4E0026E78B /* Build configuration list for PBXNativeTarget "github_searchUITests" */;
			buildPhases = (
				4EC85AABAC8037212734B671 /* [CP] Check Pods Manifest.lock */,
				A9BD990027D4DF4E0026E78B /* Sources */,
				A9BD990127D4DF4E0026E78B /* Frameworks */,
				A9BD990227D4DF4E0026E78B /* Resources */,
				869256D97F6D3BCD2A483896 /* [CP] Embed Pods Frameworks */,
			);
			buildRules = (
			);
			dependencies = (
				A9BD990627D4DF4E0026E78B /* PBXTargetDependency */,
			);
			name = github_searchUITests;
			productName = github_searchUITests;
			productReference = A9BD990427D4DF4E0026E78B /* github_searchUITests.xctest */;
			productType = "com.apple.product-type.bundle.ui-testing";
		};
/* End PBXNativeTarget section */

/* Begin PBXProject section */
		A9BD98DC27D4DF4D0026E78B /* Project object */ = {
			isa = PBXProject;
			attributes = {
				BuildIndependentTargetsInParallel = 1;
				LastSwiftUpdateCheck = 1320;
				LastUpgradeCheck = 1320;
				TargetAttributes = {
					A9BD98E327D4DF4D0026E78B = {
						CreatedOnToolsVersion = 13.2.1;
					};
					A9BD98F927D4DF4E0026E78B = {
						CreatedOnToolsVersion = 13.2.1;
						TestTargetID = A9BD98E327D4DF4D0026E78B;
					};
					A9BD990327D4DF4E0026E78B = {
						CreatedOnToolsVersion = 13.2.1;
						TestTargetID = A9BD98E327D4DF4D0026E78B;
					};
				};
			};
			buildConfigurationList = A9BD98DF27D4DF4D0026E78B /* Build configuration list for PBXProject "github_search" */;
			compatibilityVersion = "Xcode 13.0";
			developmentRegion = en;
			hasScannedForEncodings = 0;
			knownRegions = (
				en,
				Base,
			);
			mainGroup = A9BD98DB27D4DF4D0026E78B;
			productRefGroup = A9BD98E527D4DF4D0026E78B /* Products */;
			projectDirPath = "";
			projectRoot = "";
			targets = (
				A9BD98E327D4DF4D0026E78B /* github_search */,
				A9BD98F927D4DF4E0026E78B /* github_searchTests */,
				A9BD990327D4DF4E0026E78B /* github_searchUITests */,
			);
		};
/* End PBXProject section */

/* Begin PBXResourcesBuildPhase section */
		A9BD98E227D4DF4D0026E78B /* Resources */ = {
			isa = PBXResourcesBuildPhase;
			buildActionMask = 2147483647;
			files = (
				A9BD98F427D4DF4E0026E78B /* LaunchScreen.storyboard in Resources */,
				A9BD98F127D4DF4E0026E78B /* Assets.xcassets in Resources */,
				A9BD98EF27D4DF4D0026E78B /* Main.storyboard in Resources */,
			);
			runOnlyForDeploymentPostprocessing = 0;
		};
		A9BD98F827D4DF4E0026E78B /* Resources */ = {
			isa = PBXResourcesBuildPhase;
			buildActionMask = 2147483647;
			files = (
			);
			runOnlyForDeploymentPostprocessing = 0;
		};
		A9BD990227D4DF4E0026E78B /* Resources */ = {
			isa = PBXResourcesBuildPhase;
			buildActionMask = 2147483647;
			files = (
			);
			runOnlyForDeploymentPostprocessing = 0;
		};
/* End PBXResourcesBuildPhase section */

/* Begin PBXShellScriptBuildPhase section */
		0EAB4623299B9E4C3C8220ED /* [CP] Embed Pods Frameworks */ = {
			isa = PBXShellScriptBuildPhase;
			buildActionMask = 2147483647;
			files = (
			);
			inputFileListPaths = (
				"${PODS_ROOT}/Target Support Files/Pods-github_search/Pods-github_search-frameworks-${CONFIGURATION}-input-files.xcfilelist",
			);
			name = "[CP] Embed Pods Frameworks";
			outputFileListPaths = (
				"${PODS_ROOT}/Target Support Files/Pods-github_search/Pods-github_search-frameworks-${CONFIGURATION}-output-files.xcfilelist",
			);
			runOnlyForDeploymentPostprocessing = 0;
			shellPath = /bin/sh;
			shellScript = "\"${PODS_ROOT}/Target Support Files/Pods-github_search/Pods-github_search-frameworks.sh\"\n";
			showEnvVarsInLog = 0;
		};
		2C1C87D5575E1F8C6794872E /* [CP] Check Pods Manifest.lock */ = {
			isa = PBXShellScriptBuildPhase;
			buildActionMask = 2147483647;
			files = (
			);
			inputFileListPaths = (
			);
			inputPaths = (
				"${PODS_PODFILE_DIR_PATH}/Podfile.lock",
				"${PODS_ROOT}/Manifest.lock",
			);
			name = "[CP] Check Pods Manifest.lock";
			outputFileListPaths = (
			);
			outputPaths = (
				"$(DERIVED_FILE_DIR)/Pods-github_searchTests-checkManifestLockResult.txt",
			);
			runOnlyForDeploymentPostprocessing = 0;
			shellPath = /bin/sh;
			shellScript = "diff \"${PODS_PODFILE_DIR_PATH}/Podfile.lock\" \"${PODS_ROOT}/Manifest.lock\" > /dev/null\nif [ $? != 0 ] ; then\n    # print error to STDERR\n    echo \"error: The sandbox is not in sync with the Podfile.lock. Run 'pod install' or update your CocoaPods installation.\" >&2\n    exit 1\nfi\n# This output is used by Xcode 'outputs' to avoid re-running this script phase.\necho \"SUCCESS\" > \"${SCRIPT_OUTPUT_FILE_0}\"\n";
			showEnvVarsInLog = 0;
		};
		4EC85AABAC8037212734B671 /* [CP] Check Pods Manifest.lock */ = {
			isa = PBXShellScriptBuildPhase;
			buildActionMask = 2147483647;
			files = (
			);
			inputFileListPaths = (
			);
			inputPaths = (
				"${PODS_PODFILE_DIR_PATH}/Podfile.lock",
				"${PODS_ROOT}/Manifest.lock",
			);
			name = "[CP] Check Pods Manifest.lock";
			outputFileListPaths = (
			);
			outputPaths = (
				"$(DERIVED_FILE_DIR)/Pods-github_search-github_searchUITests-checkManifestLockResult.txt",
			);
			runOnlyForDeploymentPostprocessing = 0;
			shellPath = /bin/sh;
			shellScript = "diff \"${PODS_PODFILE_DIR_PATH}/Podfile.lock\" \"${PODS_ROOT}/Manifest.lock\" > /dev/null\nif [ $? != 0 ] ; then\n    # print error to STDERR\n    echo \"error: The sandbox is not in sync with the Podfile.lock. Run 'pod install' or update your CocoaPods installation.\" >&2\n    exit 1\nfi\n# This output is used by Xcode 'outputs' to avoid re-running this script phase.\necho \"SUCCESS\" > \"${SCRIPT_OUTPUT_FILE_0}\"\n";
			showEnvVarsInLog = 0;
		};
		869256D97F6D3BCD2A483896 /* [CP] Embed Pods Frameworks */ = {
			isa = PBXShellScriptBuildPhase;
			buildActionMask = 2147483647;
			files = (
			);
			inputFileListPaths = (
				"${PODS_ROOT}/Target Support Files/Pods-github_search-github_searchUITests/Pods-github_search-github_searchUITests-frameworks-${CONFIGURATION}-input-files.xcfilelist",
			);
			name = "[CP] Embed Pods Frameworks";
			outputFileListPaths = (
				"${PODS_ROOT}/Target Support Files/Pods-github_search-github_searchUITests/Pods-github_search-github_searchUITests-frameworks-${CONFIGURATION}-output-files.xcfilelist",
			);
			runOnlyForDeploymentPostprocessing = 0;
			shellPath = /bin/sh;
			shellScript = "\"${PODS_ROOT}/Target Support Files/Pods-github_search-github_searchUITests/Pods-github_search-github_searchUITests-frameworks.sh\"\n";
			showEnvVarsInLog = 0;
		};
		8F1670EFA98C3CC2CB801328 /* [CP] Check Pods Manifest.lock */ = {
			isa = PBXShellScriptBuildPhase;
			buildActionMask = 2147483647;
			files = (
			);
			inputFileListPaths = (
			);
			inputPaths = (
				"${PODS_PODFILE_DIR_PATH}/Podfile.lock",
				"${PODS_ROOT}/Manifest.lock",
			);
			name = "[CP] Check Pods Manifest.lock";
			outputFileListPaths = (
			);
			outputPaths = (
				"$(DERIVED_FILE_DIR)/Pods-github_search-checkManifestLockResult.txt",
			);
			runOnlyForDeploymentPostprocessing = 0;
			shellPath = /bin/sh;
			shellScript = "diff \"${PODS_PODFILE_DIR_PATH}/Podfile.lock\" \"${PODS_ROOT}/Manifest.lock\" > /dev/null\nif [ $? != 0 ] ; then\n    # print error to STDERR\n    echo \"error: The sandbox is not in sync with the Podfile.lock. Run 'pod install' or update your CocoaPods installation.\" >&2\n    exit 1\nfi\n# This output is used by Xcode 'outputs' to avoid re-running this script phase.\necho \"SUCCESS\" > \"${SCRIPT_OUTPUT_FILE_0}\"\n";
			showEnvVarsInLog = 0;
		};
/* End PBXShellScriptBuildPhase section */

/* Begin PBXSourcesBuildPhase section */
		A9BD98E027D4DF4D0026E78B /* Sources */ = {
			isa = PBXSourcesBuildPhase;
			buildActionMask = 2147483647;
			files = (
				A997EABF27D6195F00077E48 /* Int+Extension.swift in Sources */,
				A997EAA427D5CE9E00077E48 /* NetworkInformation.swift in Sources */,
				A997EA9827D5CDB800077E48 /* StoryboardSupportProtocol.swift in Sources */,
				A91144A327D62EB10051B7EC /* UIColor+Extension.swift in Sources */,
				A997EAB227D5EB9800077E48 /* KurlyAPI.swift in Sources */,
				A997EAC127D61A0700077E48 /* Double+Extension.swift in Sources */,
				A997EAB427D5EBBB00077E48 /* NetworkManager.swift in Sources */,
				A997EA9C27D5CDF000077E48 /* UIView+Extension.swift in Sources */,
				A997EAAD27D5E88600077E48 /* SearchModel.swift in Sources */,
				A997EAAB27D5E87700077E48 /* SearchListView.swift in Sources */,
				A9BD98EC27D4DF4D0026E78B /* ViewController.swift in Sources */,
				A997EABD27D5FB3B00077E48 /* ListItemCell.swift in Sources */,
				A997EAA227D5CE8800077E48 /* NetworkModel.swift in Sources */,
				A997EAB627D5EBF100077E48 /* NetworkError.swift in Sources */,
				A997EA9427D5CD9400077E48 /* RxBindProtocol.swift in Sources */,
				A96CB3E827D4EFA0007DDDBB /* RxSwift+Extension.swift in Sources */,
				A96CB3EA27D4EFCA007DDDBB /* OptionalType.swift in Sources */,
				A997EAAF27D5E89200077E48 /* SearchListViewModel.swift in Sources */,
				A9BD98E827D4DF4D0026E78B /* AppDelegate.swift in Sources */,
				A997EA9027D5CD5C00077E48 /* UIViewController+Extension.swift in Sources */,
				A96CB3EC27D4F002007DDDBB /* ObservableType+Extension.swift in Sources */,
				A997EA9E27D5CE0700077E48 /* UIWindow+Extension.swift in Sources */,
				A997EA9227D5CD7C00077E48 /* UIStoryboard+Extension.swift in Sources */,
				A9BD98EA27D4DF4D0026E78B /* SceneDelegate.swift in Sources */,
				A997EAB927D5EE2500077E48 /* GitHubAPI.swift in Sources */,
				A997EA9A27D5CDCF00077E48 /* ViewModelTypeProtocol.swift in Sources */,
				A997EA9627D5CDA600077E48 /* RxScreenSupport.swift in Sources */,
			);
			runOnlyForDeploymentPostprocessing = 0;
		};
		A9BD98F627D4DF4E0026E78B /* Sources */ = {
			isa = PBXSourcesBuildPhase;
			buildActionMask = 2147483647;
			files = (
				A9BD98FF27D4DF4E0026E78B /* github_searchTests.swift in Sources */,
			);
			runOnlyForDeploymentPostprocessing = 0;
		};
		A9BD990027D4DF4E0026E78B /* Sources */ = {
			isa = PBXSourcesBuildPhase;
			buildActionMask = 2147483647;
			files = (
				A9BD990927D4DF4E0026E78B /* github_searchUITests.swift in Sources */,
				A9BD990B27D4DF4E0026E78B /* github_searchUITestsLaunchTests.swift in Sources */,
			);
			runOnlyForDeploymentPostprocessing = 0;
		};
/* End PBXSourcesBuildPhase section */

/* Begin PBXTargetDependency section */
		A9BD98FC27D4DF4E0026E78B /* PBXTargetDependency */ = {
			isa = PBXTargetDependency;
			target = A9BD98E327D4DF4D0026E78B /* github_search */;
			targetProxy = A9BD98FB27D4DF4E0026E78B /* PBXContainerItemProxy */;
		};
		A9BD990627D4DF4E0026E78B /* PBXTargetDependency */ = {
			isa = PBXTargetDependency;
			target = A9BD98E327D4DF4D0026E78B /* github_search */;
			targetProxy = A9BD990527D4DF4E0026E78B /* PBXContainerItemProxy */;
		};
/* End PBXTargetDependency section */

/* Begin PBXVariantGroup section */
		A9BD98ED27D4DF4D0026E78B /* Main.storyboard */ = {
			isa = PBXVariantGroup;
			children = (
				A9BD98EE27D4DF4D0026E78B /* Base */,
			);
			name = Main.storyboard;
			sourceTree = "<group>";
		};
		A9BD98F227D4DF4E0026E78B /* LaunchScreen.storyboard */ = {
			isa = PBXVariantGroup;
			children = (
				A9BD98F327D4DF4E0026E78B /* Base */,
			);
			name = LaunchScreen.storyboard;
			sourceTree = "<group>";
		};
/* End PBXVariantGroup section */

/* Begin XCBuildConfiguration section */
		A9BD990C27D4DF4E0026E78B /* Debug */ = {
			isa = XCBuildConfiguration;
			buildSettings = {
				ALWAYS_SEARCH_USER_PATHS = NO;
				CLANG_ANALYZER_NONNULL = YES;
				CLANG_ANALYZER_NUMBER_OBJECT_CONVERSION = YES_AGGRESSIVE;
				CLANG_CXX_LANGUAGE_STANDARD = "gnu++17";
				CLANG_CXX_LIBRARY = "libc++";
				CLANG_ENABLE_MODULES = YES;
				CLANG_ENABLE_OBJC_ARC = YES;
				CLANG_ENABLE_OBJC_WEAK = YES;
				CLANG_WARN_BLOCK_CAPTURE_AUTORELEASING = YES;
				CLANG_WARN_BOOL_CONVERSION = YES;
				CLANG_WARN_COMMA = YES;
				CLANG_WARN_CONSTANT_CONVERSION = YES;
				CLANG_WARN_DEPRECATED_OBJC_IMPLEMENTATIONS = YES;
				CLANG_WARN_DIRECT_OBJC_ISA_USAGE = YES_ERROR;
				CLANG_WARN_DOCUMENTATION_COMMENTS = YES;
				CLANG_WARN_EMPTY_BODY = YES;
				CLANG_WARN_ENUM_CONVERSION = YES;
				CLANG_WARN_INFINITE_RECURSION = YES;
				CLANG_WARN_INT_CONVERSION = YES;
				CLANG_WARN_NON_LITERAL_NULL_CONVERSION = YES;
				CLANG_WARN_OBJC_IMPLICIT_RETAIN_SELF = YES;
				CLANG_WARN_OBJC_LITERAL_CONVERSION = YES;
				CLANG_WARN_OBJC_ROOT_CLASS = YES_ERROR;
				CLANG_WARN_QUOTED_INCLUDE_IN_FRAMEWORK_HEADER = YES;
				CLANG_WARN_RANGE_LOOP_ANALYSIS = YES;
				CLANG_WARN_STRICT_PROTOTYPES = YES;
				CLANG_WARN_SUSPICIOUS_MOVE = YES;
				CLANG_WARN_UNGUARDED_AVAILABILITY = YES_AGGRESSIVE;
				CLANG_WARN_UNREACHABLE_CODE = YES;
				CLANG_WARN__DUPLICATE_METHOD_MATCH = YES;
				COPY_PHASE_STRIP = NO;
				DEBUG_INFORMATION_FORMAT = dwarf;
				ENABLE_STRICT_OBJC_MSGSEND = YES;
				ENABLE_TESTABILITY = YES;
				GCC_C_LANGUAGE_STANDARD = gnu11;
				GCC_DYNAMIC_NO_PIC = NO;
				GCC_NO_COMMON_BLOCKS = YES;
				GCC_OPTIMIZATION_LEVEL = 0;
				GCC_PREPROCESSOR_DEFINITIONS = (
					"DEBUG=1",
					"$(inherited)",
				);
				GCC_WARN_64_TO_32_BIT_CONVERSION = YES;
				GCC_WARN_ABOUT_RETURN_TYPE = YES_ERROR;
				GCC_WARN_UNDECLARED_SELECTOR = YES;
				GCC_WARN_UNINITIALIZED_AUTOS = YES_AGGRESSIVE;
				GCC_WARN_UNUSED_FUNCTION = YES;
				GCC_WARN_UNUSED_VARIABLE = YES;
				IPHONEOS_DEPLOYMENT_TARGET = 11;
				MTL_ENABLE_DEBUG_INFO = INCLUDE_SOURCE;
				MTL_FAST_MATH = YES;
				ONLY_ACTIVE_ARCH = YES;
				SDKROOT = iphoneos;
				SWIFT_ACTIVE_COMPILATION_CONDITIONS = DEBUG;
				SWIFT_OPTIMIZATION_LEVEL = "-Onone";
			};
			name = Debug;
		};
		A9BD990D27D4DF4E0026E78B /* Release */ = {
			isa = XCBuildConfiguration;
			buildSettings = {
				ALWAYS_SEARCH_USER_PATHS = NO;
				CLANG_ANALYZER_NONNULL = YES;
				CLANG_ANALYZER_NUMBER_OBJECT_CONVERSION = YES_AGGRESSIVE;
				CLANG_CXX_LANGUAGE_STANDARD = "gnu++17";
				CLANG_CXX_LIBRARY = "libc++";
				CLANG_ENABLE_MODULES = YES;
				CLANG_ENABLE_OBJC_ARC = YES;
				CLANG_ENABLE_OBJC_WEAK = YES;
				CLANG_WARN_BLOCK_CAPTURE_AUTORELEASING = YES;
				CLANG_WARN_BOOL_CONVERSION = YES;
				CLANG_WARN_COMMA = YES;
				CLANG_WARN_CONSTANT_CONVERSION = YES;
				CLANG_WARN_DEPRECATED_OBJC_IMPLEMENTATIONS = YES;
				CLANG_WARN_DIRECT_OBJC_ISA_USAGE = YES_ERROR;
				CLANG_WARN_DOCUMENTATION_COMMENTS = YES;
				CLANG_WARN_EMPTY_BODY = YES;
				CLANG_WARN_ENUM_CONVERSION = YES;
				CLANG_WARN_INFINITE_RECURSION = YES;
				CLANG_WARN_INT_CONVERSION = YES;
				CLANG_WARN_NON_LITERAL_NULL_CONVERSION = YES;
				CLANG_WARN_OBJC_IMPLICIT_RETAIN_SELF = YES;
				CLANG_WARN_OBJC_LITERAL_CONVERSION = YES;
				CLANG_WARN_OBJC_ROOT_CLASS = YES_ERROR;
				CLANG_WARN_QUOTED_INCLUDE_IN_FRAMEWORK_HEADER = YES;
				CLANG_WARN_RANGE_LOOP_ANALYSIS = YES;
				CLANG_WARN_STRICT_PROTOTYPES = YES;
				CLANG_WARN_SUSPICIOUS_MOVE = YES;
				CLANG_WARN_UNGUARDED_AVAILABILITY = YES_AGGRESSIVE;
				CLANG_WARN_UNREACHABLE_CODE = YES;
				CLANG_WARN__DUPLICATE_METHOD_MATCH = YES;
				COPY_PHASE_STRIP = NO;
				DEBUG_INFORMATION_FORMAT = "dwarf-with-dsym";
				ENABLE_NS_ASSERTIONS = NO;
				ENABLE_STRICT_OBJC_MSGSEND = YES;
				GCC_C_LANGUAGE_STANDARD = gnu11;
				GCC_NO_COMMON_BLOCKS = YES;
				GCC_WARN_64_TO_32_BIT_CONVERSION = YES;
				GCC_WARN_ABOUT_RETURN_TYPE = YES_ERROR;
				GCC_WARN_UNDECLARED_SELECTOR = YES;
				GCC_WARN_UNINITIALIZED_AUTOS = YES_AGGRESSIVE;
				GCC_WARN_UNUSED_FUNCTION = YES;
				GCC_WARN_UNUSED_VARIABLE = YES;
				IPHONEOS_DEPLOYMENT_TARGET = 11;
				MTL_ENABLE_DEBUG_INFO = NO;
				MTL_FAST_MATH = YES;
				SDKROOT = iphoneos;
				SWIFT_COMPILATION_MODE = wholemodule;
				SWIFT_OPTIMIZATION_LEVEL = "-O";
				VALIDATE_PRODUCT = YES;
			};
			name = Release;
		};
		A9BD990F27D4DF4E0026E78B /* Debug */ = {
			isa = XCBuildConfiguration;
			baseConfigurationReference = FCF17EEF9BD74D28E82BFAB7 /* Pods-github_search.debug.xcconfig */;
			buildSettings = {
				ASSETCATALOG_COMPILER_APPICON_NAME = AppIcon;
				ASSETCATALOG_COMPILER_GLOBAL_ACCENT_COLOR_NAME = AccentColor;
				CODE_SIGN_STYLE = Automatic;
				CURRENT_PROJECT_VERSION = 1;
				GENERATE_INFOPLIST_FILE = YES;
				INFOPLIST_FILE = github_search/Info.plist;
				INFOPLIST_KEY_CFBundleDisplayName = "컬리(과제)";
				INFOPLIST_KEY_UIApplicationSupportsIndirectInputEvents = YES;
				INFOPLIST_KEY_UILaunchStoryboardName = LaunchScreen;
				INFOPLIST_KEY_UIMainStoryboardFile = Main;
				INFOPLIST_KEY_UISupportedInterfaceOrientations_iPad = "UIInterfaceOrientationPortrait UIInterfaceOrientationPortraitUpsideDown UIInterfaceOrientationLandscapeLeft UIInterfaceOrientationLandscapeRight";
				INFOPLIST_KEY_UISupportedInterfaceOrientations_iPhone = "UIInterfaceOrientationPortrait UIInterfaceOrientationLandscapeLeft UIInterfaceOrientationLandscapeRight";
				LD_RUNPATH_SEARCH_PATHS = (
					"$(inherited)",
					"@executable_path/Frameworks",
				);
				MARKETING_VERSION = 1.0;
				PRODUCT_BUNDLE_IDENTIFIER = "kurly.github-search";
				PRODUCT_NAME = "$(TARGET_NAME)";
				SWIFT_EMIT_LOC_STRINGS = YES;
				SWIFT_VERSION = 5.0;
				TARGETED_DEVICE_FAMILY = "1,2";
			};
			name = Debug;
		};
		A9BD991027D4DF4E0026E78B /* Release */ = {
			isa = XCBuildConfiguration;
			baseConfigurationReference = E4A964074C47B83FCC4032B1 /* Pods-github_search.release.xcconfig */;
			buildSettings = {
				ASSETCATALOG_COMPILER_APPICON_NAME = AppIcon;
				ASSETCATALOG_COMPILER_GLOBAL_ACCENT_COLOR_NAME = AccentColor;
				CODE_SIGN_STYLE = Automatic;
				CURRENT_PROJECT_VERSION = 1;
				GENERATE_INFOPLIST_FILE = YES;
				INFOPLIST_FILE = github_search/Info.plist;
				INFOPLIST_KEY_CFBundleDisplayName = "컬리(과제)";
				INFOPLIST_KEY_UIApplicationSupportsIndirectInputEvents = YES;
				INFOPLIST_KEY_UILaunchStoryboardName = LaunchScreen;
				INFOPLIST_KEY_UIMainStoryboardFile = Main;
				INFOPLIST_KEY_UISupportedInterfaceOrientations_iPad = "UIInterfaceOrientationPortrait UIInterfaceOrientationPortraitUpsideDown UIInterfaceOrientationLandscapeLeft UIInterfaceOrientationLandscapeRight";
				INFOPLIST_KEY_UISupportedInterfaceOrientations_iPhone = "UIInterfaceOrientationPortrait UIInterfaceOrientationLandscapeLeft UIInterfaceOrientationLandscapeRight";
				LD_RUNPATH_SEARCH_PATHS = (
					"$(inherited)",
					"@executable_path/Frameworks",
				);
				MARKETING_VERSION = 1.0;
				PRODUCT_BUNDLE_IDENTIFIER = "kurly.github-search";
				PRODUCT_NAME = "$(TARGET_NAME)";
				SWIFT_EMIT_LOC_STRINGS = YES;
				SWIFT_VERSION = 5.0;
				TARGETED_DEVICE_FAMILY = "1,2";
			};
			name = Release;
		};
		A9BD991227D4DF4E0026E78B /* Debug */ = {
			isa = XCBuildConfiguration;
			baseConfigurationReference = 9847593E035B1815A808A668 /* Pods-github_searchTests.debug.xcconfig */;
			buildSettings = {
				ALWAYS_EMBED_SWIFT_STANDARD_LIBRARIES = YES;
				BUNDLE_LOADER = "$(TEST_HOST)";
				CODE_SIGN_STYLE = Automatic;
				CURRENT_PROJECT_VERSION = 1;
				GENERATE_INFOPLIST_FILE = YES;
				IPHONEOS_DEPLOYMENT_TARGET = 15.2;
				MARKETING_VERSION = 1.0;
				PRODUCT_BUNDLE_IDENTIFIER = "kurly.github-searchTests";
				PRODUCT_NAME = "$(TARGET_NAME)";
				SWIFT_EMIT_LOC_STRINGS = NO;
				SWIFT_VERSION = 5.0;
				TARGETED_DEVICE_FAMILY = "1,2";
				TEST_HOST = "$(BUILT_PRODUCTS_DIR)/github_search.app/github_search";
			};
			name = Debug;
		};
		A9BD991327D4DF4E0026E78B /* Release */ = {
			isa = XCBuildConfiguration;
			baseConfigurationReference = DB19B6578BDD29BD59A99FE6 /* Pods-github_searchTests.release.xcconfig */;
			buildSettings = {
				ALWAYS_EMBED_SWIFT_STANDARD_LIBRARIES = YES;
				BUNDLE_LOADER = "$(TEST_HOST)";
				CODE_SIGN_STYLE = Automatic;
				CURRENT_PROJECT_VERSION = 1;
				GENERATE_INFOPLIST_FILE = YES;
				IPHONEOS_DEPLOYMENT_TARGET = 15.2;
				MARKETING_VERSION = 1.0;
				PRODUCT_BUNDLE_IDENTIFIER = "kurly.github-searchTests";
				PRODUCT_NAME = "$(TARGET_NAME)";
				SWIFT_EMIT_LOC_STRINGS = NO;
				SWIFT_VERSION = 5.0;
				TARGETED_DEVICE_FAMILY = "1,2";
				TEST_HOST = "$(BUILT_PRODUCTS_DIR)/github_search.app/github_search";
			};
			name = Release;
		};
		A9BD991527D4DF4E0026E78B /* Debug */ = {
			isa = XCBuildConfiguration;
			baseConfigurationReference = 2839CB1F7D679396A4845183 /* Pods-github_search-github_searchUITests.debug.xcconfig */;
			buildSettings = {
				ALWAYS_EMBED_SWIFT_STANDARD_LIBRARIES = YES;
				CODE_SIGN_STYLE = Automatic;
				CURRENT_PROJECT_VERSION = 1;
				GENERATE_INFOPLIST_FILE = YES;
				MARKETING_VERSION = 1.0;
				PRODUCT_BUNDLE_IDENTIFIER = "kurly.github-searchUITests";
				PRODUCT_NAME = "$(TARGET_NAME)";
				SWIFT_EMIT_LOC_STRINGS = NO;
				SWIFT_VERSION = 5.0;
				TARGETED_DEVICE_FAMILY = "1,2";
				TEST_TARGET_NAME = github_search;
			};
			name = Debug;
		};
		A9BD991627D4DF4E0026E78B /* Release */ = {
			isa = XCBuildConfiguration;
			baseConfigurationReference = 08A965572FE18533E080372F /* Pods-github_search-github_searchUITests.release.xcconfig */;
			buildSettings = {
				ALWAYS_EMBED_SWIFT_STANDARD_LIBRARIES = YES;
				CODE_SIGN_STYLE = Automatic;
				CURRENT_PROJECT_VERSION = 1;
				GENERATE_INFOPLIST_FILE = YES;
				MARKETING_VERSION = 1.0;
				PRODUCT_BUNDLE_IDENTIFIER = "kurly.github-searchUITests";
				PRODUCT_NAME = "$(TARGET_NAME)";
				SWIFT_EMIT_LOC_STRINGS = NO;
				SWIFT_VERSION = 5.0;
				TARGETED_DEVICE_FAMILY = "1,2";
				TEST_TARGET_NAME = github_search;
			};
			name = Release;
		};
/* End XCBuildConfiguration section */

/* Begin XCConfigurationList section */
		A9BD98DF27D4DF4D0026E78B /* Build configuration list for PBXProject "github_search" */ = {
			isa = XCConfigurationList;
			buildConfigurations = (
				A9BD990C27D4DF4E0026E78B /* Debug */,
				A9BD990D27D4DF4E0026E78B /* Release */,
			);
			defaultConfigurationIsVisible = 0;
			defaultConfigurationName = Release;
		};
		A9BD990E27D4DF4E0026E78B /* Build configuration list for PBXNativeTarget "github_search" */ = {
			isa = XCConfigurationList;
			buildConfigurations = (
				A9BD990F27D4DF4E0026E78B /* Debug */,
				A9BD991027D4DF4E0026E78B /* Release */,
			);
			defaultConfigurationIsVisible = 0;
			defaultConfigurationName = Release;
		};
		A9BD991127D4DF4E0026E78B /* Build configuration list for PBXNativeTarget "github_searchTests" */ = {
			isa = XCConfigurationList;
			buildConfigurations = (
				A9BD991227D4DF4E0026E78B /* Debug */,
				A9BD991327D4DF4E0026E78B /* Release */,
			);
			defaultConfigurationIsVisible = 0;
			defaultConfigurationName = Release;
		};
		A9BD991427D4DF4E0026E78B /* Build configuration list for PBXNativeTarget "github_searchUITests" */ = {
			isa = XCConfigurationList;
			buildConfigurations = (
				A9BD991527D4DF4E0026E78B /* Debug */,
				A9BD991627D4DF4E0026E78B /* Release */,
			);
			defaultConfigurationIsVisible = 0;
			defaultConfigurationName = Release;
		};
/* End XCConfigurationList section */
	};
	rootObject = A9BD98DC27D4DF4D0026E78B /* Project object */;
}
